
Microsoft Visual Studio Solution File, Format Version 12.00
# Visual Studio Version 17
VisualStudioVersion = 17.5.33627.172
MinimumVisualStudioVersion = 10.0.40219.1
Project("{FAE04EC0-301F-11D3-BF4B-00C04F79EFBC}") = "P01", "P01\P01.csproj", "{EDA6E653-CE85-4EB2-8048-9FD39D2D3A90}"
EndProject
Global
	GlobalSection(SolutionConfigurationPlatforms) = preSolution
		Debug|Any CPU = Debug|Any CPU
		Release|Any CPU = Release|Any CPU
	EndGlobalSection
	GlobalSection(ProjectConfigurationPlatforms) = postSolution
		{EDA6E653-CE85-4EB2-8048-9FD39D2D3A90}.Debug|Any CPU.ActiveCfg = Debug|Any CPU
		{EDA6E653-CE85-4EB2-8048-9FD39D2D3A90}.Debug|Any CPU.Build.0 = Debug|Any CPU
		{EDA6E653-CE85-4EB2-8048-9FD39D2D3A90}.Release|Any CPU.ActiveCfg = Release|Any CPU
		{EDA6E653-CE85-4EB2-8048-9FD39D2D3A90}.Release|Any CPU.Build.0 = Release|Any CPU
	EndGlobalSection
	GlobalSection(SolutionProperties) = preSolution
		HideSolutionNode = FALSE
	EndGlobalSection
	GlobalSection(ExtensibilityGlobals) = postSolution
		SolutionGuid = {4FBB41DA-4500-49FD-8D83-7B7594AE357D}
	EndGlobalSection
EndGlobal
